
Microsoft Visual Studio Solution File, Format Version 12.00
# Visual Studio Version 17
VisualStudioVersion = 17.12.35527.113 d17.12
MinimumVisualStudioVersion = 10.0.40219.1
Project("{2150E333-8FDC-42A3-9474-1A3956D46DE8}") = "Integration", "Integration", "{8BB79936-3416-46DB-AF2A-BA438FBFE484}"
EndProject
Project("{2150E333-8FDC-42A3-9474-1A3956D46DE8}") = "Services", "Services", "{246FF0BA-9651-4107-876F-C4D503A92EFB}"
EndProject
Project("{FAE04EC0-301F-11D3-BF4B-00C04F79EFBC}") = "ShoppingCart.MessageBus", "Integration\ShoppingCart.MessageBus\ShoppingCart.MessageBus.csproj", "{CBD12253-7215-4D17-A27E-5DE02FEE89E2}"
EndProject
Project("{FAE04EC0-301F-11D3-BF4B-00C04F79EFBC}") = "ShoppingCart.Services.AuthAPI", "Services\ShoppingCart.Services.AuthAPI\ShoppingCart.Services.AuthAPI.csproj", "{49905B5E-0442-438E-87D4-CB8D44539CC2}"
EndProject
Project("{FAE04EC0-301F-11D3-BF4B-00C04F79EFBC}") = "ShoppingCart.Services.CouponAPI", "Services\ShoppingCart.Services.CouponAPI\ShoppingCart.Services.CouponAPI.csproj", "{EFA37A12-2716-4AA9-A3B8-FF0E94BCB4D5}"
EndProject
Project("{FAE04EC0-301F-11D3-BF4B-00C04F79EFBC}") = "ShoppingCart.Services.EmailAPI", "Services\ShoppingCart.Services.EmailAPI\ShoppingCart.Services.EmailAPI.csproj", "{6160DA50-D015-4319-B3D8-DBAF731EB560}"
EndProject
Project("{FAE04EC0-301F-11D3-BF4B-00C04F79EFBC}") = "ShoppingCart.Services.ProductAPI", "Services\ShoppingCart.Services.ProductAPI\ShoppingCart.Services.ProductAPI.csproj", "{2FB250AE-39F1-40CB-8A11-C037E94A2F79}"
EndProject
Project("{FAE04EC0-301F-11D3-BF4B-00C04F79EFBC}") = "ShoppingCart.Services.ShoppingCartAPI", "Services\ShoppingCart.Services.ShoppingCartAPI\ShoppingCart.Services.ShoppingCartAPI.csproj", "{28049556-6F0B-46C0-826A-A3C3C2F9D82F}"
EndProject
Global
	GlobalSection(SolutionConfigurationPlatforms) = preSolution
		Debug|Any CPU = Debug|Any CPU
		Release|Any CPU = Release|Any CPU
	EndGlobalSection
	GlobalSection(ProjectConfigurationPlatforms) = postSolution
		{CBD12253-7215-4D17-A27E-5DE02FEE89E2}.Debug|Any CPU.ActiveCfg = Debug|Any CPU
		{CBD12253-7215-4D17-A27E-5DE02FEE89E2}.Debug|Any CPU.Build.0 = Debug|Any CPU
		{CBD12253-7215-4D17-A27E-5DE02FEE89E2}.Release|Any CPU.ActiveCfg = Release|Any CPU
		{CBD12253-7215-4D17-A27E-5DE02FEE89E2}.Release|Any CPU.Build.0 = Release|Any CPU
		{49905B5E-0442-438E-87D4-CB8D44539CC2}.Debug|Any CPU.ActiveCfg = Debug|Any CPU
		{49905B5E-0442-438E-87D4-CB8D44539CC2}.Debug|Any CPU.Build.0 = Debug|Any CPU
		{49905B5E-0442-438E-87D4-CB8D44539CC2}.Release|Any CPU.ActiveCfg = Release|Any CPU
		{49905B5E-0442-438E-87D4-CB8D44539CC2}.Release|Any CPU.Build.0 = Release|Any CPU
		{EFA37A12-2716-4AA9-A3B8-FF0E94BCB4D5}.Debug|Any CPU.ActiveCfg = Debug|Any CPU
		{EFA37A12-2716-4AA9-A3B8-FF0E94BCB4D5}.Debug|Any CPU.Build.0 = Debug|Any CPU
		{EFA37A12-2716-4AA9-A3B8-FF0E94BCB4D5}.Release|Any CPU.ActiveCfg = Release|Any CPU
		{EFA37A12-2716-4AA9-A3B8-FF0E94BCB4D5}.Release|Any CPU.Build.0 = Release|Any CPU
		{6160DA50-D015-4319-B3D8-DBAF731EB560}.Debug|Any CPU.ActiveCfg = Debug|Any CPU
		{6160DA50-D015-4319-B3D8-DBAF731EB560}.Debug|Any CPU.Build.0 = Debug|Any CPU
		{6160DA50-D015-4319-B3D8-DBAF731EB560}.Release|Any CPU.ActiveCfg = Release|Any CPU
		{6160DA50-D015-4319-B3D8-DBAF731EB560}.Release|Any CPU.Build.0 = Release|Any CPU
		{2FB250AE-39F1-40CB-8A11-C037E94A2F79}.Debug|Any CPU.ActiveCfg = Debug|Any CPU
		{2FB250AE-39F1-40CB-8A11-C037E94A2F79}.Debug|Any CPU.Build.0 = Debug|Any CPU
		{2FB250AE-39F1-40CB-8A11-C037E94A2F79}.Release|Any CPU.ActiveCfg = Release|Any CPU
		{2FB250AE-39F1-40CB-8A11-C037E94A2F79}.Release|Any CPU.Build.0 = Release|Any CPU
		{28049556-6F0B-46C0-826A-A3C3C2F9D82F}.Debug|Any CPU.ActiveCfg = Debug|Any CPU
		{28049556-6F0B-46C0-826A-A3C3C2F9D82F}.Debug|Any CPU.Build.0 = Debug|Any CPU
		{28049556-6F0B-46C0-826A-A3C3C2F9D82F}.Release|Any CPU.ActiveCfg = Release|Any CPU
		{28049556-6F0B-46C0-826A-A3C3C2F9D82F}.Release|Any CPU.Build.0 = Release|Any CPU
	EndGlobalSection
	GlobalSection(SolutionProperties) = preSolution
		HideSolutionNode = FALSE
	EndGlobalSection
	GlobalSection(NestedProjects) = preSolution
		{CBD12253-7215-4D17-A27E-5DE02FEE89E2} = {8BB79936-3416-46DB-AF2A-BA438FBFE484}
		{49905B5E-0442-438E-87D4-CB8D44539CC2} = {246FF0BA-9651-4107-876F-C4D503A92EFB}
		{EFA37A12-2716-4AA9-A3B8-FF0E94BCB4D5} = {246FF0BA-9651-4107-876F-C4D503A92EFB}
		{6160DA50-D015-4319-B3D8-DBAF731EB560} = {246FF0BA-9651-4107-876F-C4D503A92EFB}
		{2FB250AE-39F1-40CB-8A11-C037E94A2F79} = {246FF0BA-9651-4107-876F-C4D503A92EFB}
		{28049556-6F0B-46C0-826A-A3C3C2F9D82F} = {246FF0BA-9651-4107-876F-C4D503A92EFB}
	EndGlobalSection
EndGlobal
